
Microsoft Visual Studio Solution File, Format Version 12.00
# Visual Studio 2013
VisualStudioVersion = 12.0.31101.0
MinimumVisualStudioVersion = 10.0.40219.1
Project("{2150E333-8FDC-42A3-9474-1A3956D46DE8}") = "TestLocalization", "TestLocalization", "{26CEFBCE-B0DE-4E1D-9BDF-A467C801ACD1}"
EndProject
Project("{D954291E-2A0B-460D-934E-DC6B0785DB48}") = "TestLocalization.Shared", "TestLocalization\TestLocalization.Shared\TestLocalization.Shared.shproj", "{1FF2C673-7D55-464B-A7F5-480F4C41B08E}"
EndProject
Project("{FAE04EC0-301F-11D3-BF4B-00C04F79EFBC}") = "TestLocalization.Windows", "TestLocalization\TestLocalization.Windows\TestLocalization.Windows.csproj", "{1C9C5488-A00B-4CD3-80E7-2A34E4551BC9}"
EndProject
Project("{FAE04EC0-301F-11D3-BF4B-00C04F79EFBC}") = "TestLocalization.WindowsPhone", "TestLocalization\TestLocalization.WindowsPhone\TestLocalization.WindowsPhone.csproj", "{9FB2346F-5329-4850-AADE-D6A4E9BAEC71}"
EndProject
Project("{FAE04EC0-301F-11D3-BF4B-00C04F79EFBC}") = "TestLocalization.WindowsPhone8", "TestLocalization.WindowsPhone8\TestLocalization.WindowsPhone8.csproj", "{05198131-A7C6-490B-A1E3-FE3AA6D513A9}"
EndProject
Global
	GlobalSection(SharedMSBuildProjectFiles) = preSolution
		TestLocalization\TestLocalization.Shared\TestLocalization.Shared.projitems*{1c9c5488-a00b-4cd3-80e7-2a34e4551bc9}*SharedItemsImports = 4
		TestLocalization\TestLocalization.Shared\TestLocalization.Shared.projitems*{9fb2346f-5329-4850-aade-d6a4e9baec71}*SharedItemsImports = 4
		TestLocalization\TestLocalization.Shared\TestLocalization.Shared.projitems*{1ff2c673-7d55-464b-a7f5-480f4c41b08e}*SharedItemsImports = 13
	EndGlobalSection
	GlobalSection(SolutionConfigurationPlatforms) = preSolution
		Debug|Any CPU = Debug|Any CPU
		Debug|ARM = Debug|ARM
		Debug|x64 = Debug|x64
		Debug|x86 = Debug|x86
		Release|Any CPU = Release|Any CPU
		Release|ARM = Release|ARM
		Release|x64 = Release|x64
		Release|x86 = Release|x86
	EndGlobalSection
	GlobalSection(ProjectConfigurationPlatforms) = postSolution
		{1C9C5488-A00B-4CD3-80E7-2A34E4551BC9}.Debug|Any CPU.ActiveCfg = Debug|Any CPU
		{1C9C5488-A00B-4CD3-80E7-2A34E4551BC9}.Debug|Any CPU.Build.0 = Debug|Any CPU
		{1C9C5488-A00B-4CD3-80E7-2A34E4551BC9}.Debug|Any CPU.Deploy.0 = Debug|Any CPU
		{1C9C5488-A00B-4CD3-80E7-2A34E4551BC9}.Debug|ARM.ActiveCfg = Debug|ARM
		{1C9C5488-A00B-4CD3-80E7-2A34E4551BC9}.Debug|ARM.Build.0 = Debug|ARM
		{1C9C5488-A00B-4CD3-80E7-2A34E4551BC9}.Debug|ARM.Deploy.0 = Debug|ARM
		{1C9C5488-A00B-4CD3-80E7-2A34E4551BC9}.Debug|x64.ActiveCfg = Debug|x64
		{1C9C5488-A00B-4CD3-80E7-2A34E4551BC9}.Debug|x64.Build.0 = Debug|x64
		{1C9C5488-A00B-4CD3-80E7-2A34E4551BC9}.Debug|x64.Deploy.0 = Debug|x64
		{1C9C5488-A00B-4CD3-80E7-2A34E4551BC9}.Debug|x86.ActiveCfg = Debug|x86
		{1C9C5488-A00B-4CD3-80E7-2A34E4551BC9}.Debug|x86.Build.0 = Debug|x86
		{1C9C5488-A00B-4CD3-80E7-2A34E4551BC9}.Debug|x86.Deploy.0 = Debug|x86
		{1C9C5488-A00B-4CD3-80E7-2A34E4551BC9}.Release|Any CPU.ActiveCfg = Release|Any CPU
		{1C9C5488-A00B-4CD3-80E7-2A34E4551BC9}.Release|Any CPU.Build.0 = Release|Any CPU
		{1C9C5488-A00B-4CD3-80E7-2A34E4551BC9}.Release|Any CPU.Deploy.0 = Release|Any CPU
		{1C9C5488-A00B-4CD3-80E7-2A34E4551BC9}.Release|ARM.ActiveCfg = Release|ARM
		{1C9C5488-A00B-4CD3-80E7-2A34E4551BC9}.Release|ARM.Build.0 = Release|ARM
		{1C9C5488-A00B-4CD3-80E7-2A34E4551BC9}.Release|ARM.Deploy.0 = Release|ARM
		{1C9C5488-A00B-4CD3-80E7-2A34E4551BC9}.Release|x64.ActiveCfg = Release|x64
		{1C9C5488-A00B-4CD3-80E7-2A34E4551BC9}.Release|x64.Build.0 = Release|x64
		{1C9C5488-A00B-4CD3-80E7-2A34E4551BC9}.Release|x64.Deploy.0 = Release|x64
		{1C9C5488-A00B-4CD3-80E7-2A34E4551BC9}.Release|x86.ActiveCfg = Release|x86
		{1C9C5488-A00B-4CD3-80E7-2A34E4551BC9}.Release|x86.Build.0 = Release|x86
		{1C9C5488-A00B-4CD3-80E7-2A34E4551BC9}.Release|x86.Deploy.0 = Release|x86
		{9FB2346F-5329-4850-AADE-D6A4E9BAEC71}.Debug|Any CPU.ActiveCfg = Debug|Any CPU
		{9FB2346F-5329-4850-AADE-D6A4E9BAEC71}.Debug|Any CPU.Build.0 = Debug|Any CPU
		{9FB2346F-5329-4850-AADE-D6A4E9BAEC71}.Debug|Any CPU.Deploy.0 = Debug|Any CPU
		{9FB2346F-5329-4850-AADE-D6A4E9BAEC71}.Debug|ARM.ActiveCfg = Debug|ARM
		{9FB2346F-5329-4850-AADE-D6A4E9BAEC71}.Debug|ARM.Build.0 = Debug|ARM
		{9FB2346F-5329-4850-AADE-D6A4E9BAEC71}.Debug|ARM.Deploy.0 = Debug|ARM
		{9FB2346F-5329-4850-AADE-D6A4E9BAEC71}.Debug|x64.ActiveCfg = Debug|Any CPU
		{9FB2346F-5329-4850-AADE-D6A4E9BAEC71}.Debug|x86.ActiveCfg = Debug|x86
		{9FB2346F-5329-4850-AADE-D6A4E9BAEC71}.Debug|x86.Build.0 = Debug|x86
		{9FB2346F-5329-4850-AADE-D6A4E9BAEC71}.Debug|x86.Deploy.0 = Debug|x86
		{9FB2346F-5329-4850-AADE-D6A4E9BAEC71}.Release|Any CPU.ActiveCfg = Release|Any CPU
		{9FB2346F-5329-4850-AADE-D6A4E9BAEC71}.Release|Any CPU.Build.0 = Release|Any CPU
		{9FB2346F-5329-4850-AADE-D6A4E9BAEC71}.Release|Any CPU.Deploy.0 = Release|Any CPU
		{9FB2346F-5329-4850-AADE-D6A4E9BAEC71}.Release|ARM.ActiveCfg = Release|ARM
		{9FB2346F-5329-4850-AADE-D6A4E9BAEC71}.Release|ARM.Build.0 = Release|ARM
		{9FB2346F-5329-4850-AADE-D6A4E9BAEC71}.Release|ARM.Deploy.0 = Release|ARM
		{9FB2346F-5329-4850-AADE-D6A4E9BAEC71}.Release|x64.ActiveCfg = Release|Any CPU
		{9FB2346F-5329-4850-AADE-D6A4E9BAEC71}.Release|x86.ActiveCfg = Release|x86
		{9FB2346F-5329-4850-AADE-D6A4E9BAEC71}.Release|x86.Build.0 = Release|x86
		{9FB2346F-5329-4850-AADE-D6A4E9BAEC71}.Release|x86.Deploy.0 = Release|x86
		{05198131-A7C6-490B-A1E3-FE3AA6D513A9}.Debug|Any CPU.ActiveCfg = Debug|Any CPU
		{05198131-A7C6-490B-A1E3-FE3AA6D513A9}.Debug|Any CPU.Build.0 = Debug|Any CPU
		{05198131-A7C6-490B-A1E3-FE3AA6D513A9}.Debug|Any CPU.Deploy.0 = Debug|Any CPU
		{05198131-A7C6-490B-A1E3-FE3AA6D513A9}.Debug|ARM.ActiveCfg = Debug|ARM
		{05198131-A7C6-490B-A1E3-FE3AA6D513A9}.Debug|ARM.Build.0 = Debug|ARM
		{05198131-A7C6-490B-A1E3-FE3AA6D513A9}.Debug|ARM.Deploy.0 = Debug|ARM
		{05198131-A7C6-490B-A1E3-FE3AA6D513A9}.Debug|x64.ActiveCfg = Debug|Any CPU
		{05198131-A7C6-490B-A1E3-FE3AA6D513A9}.Debug|x86.ActiveCfg = Debug|x86
		{05198131-A7C6-490B-A1E3-FE3AA6D513A9}.Debug|x86.Build.0 = Debug|x86
		{05198131-A7C6-490B-A1E3-FE3AA6D513A9}.Debug|x86.Deploy.0 = Debug|x86
		{05198131-A7C6-490B-A1E3-FE3AA6D513A9}.Release|Any CPU.ActiveCfg = Release|Any CPU
		{05198131-A7C6-490B-A1E3-FE3AA6D513A9}.Release|Any CPU.Build.0 = Release|Any CPU
		{05198131-A7C6-490B-A1E3-FE3AA6D513A9}.Release|Any CPU.Deploy.0 = Release|Any CPU
		{05198131-A7C6-490B-A1E3-FE3AA6D513A9}.Release|ARM.ActiveCfg = Release|ARM
		{05198131-A7C6-490B-A1E3-FE3AA6D513A9}.Release|ARM.Build.0 = Release|ARM
		{05198131-A7C6-490B-A1E3-FE3AA6D513A9}.Release|ARM.Deploy.0 = Release|ARM
		{05198131-A7C6-490B-A1E3-FE3AA6D513A9}.Release|x64.ActiveCfg = Release|Any CPU
		{05198131-A7C6-490B-A1E3-FE3AA6D513A9}.Release|x86.ActiveCfg = Release|x86
		{05198131-A7C6-490B-A1E3-FE3AA6D513A9}.Release|x86.Build.0 = Release|x86
		{05198131-A7C6-490B-A1E3-FE3AA6D513A9}.Release|x86.Deploy.0 = Release|x86
	EndGlobalSection
	GlobalSection(SolutionProperties) = preSolution
		HideSolutionNode = FALSE
	EndGlobalSection
	GlobalSection(NestedProjects) = preSolution
		{1FF2C673-7D55-464B-A7F5-480F4C41B08E} = {26CEFBCE-B0DE-4E1D-9BDF-A467C801ACD1}
		{1C9C5488-A00B-4CD3-80E7-2A34E4551BC9} = {26CEFBCE-B0DE-4E1D-9BDF-A467C801ACD1}
		{9FB2346F-5329-4850-AADE-D6A4E9BAEC71} = {26CEFBCE-B0DE-4E1D-9BDF-A467C801ACD1}
		{05198131-A7C6-490B-A1E3-FE3AA6D513A9} = {26CEFBCE-B0DE-4E1D-9BDF-A467C801ACD1}
	EndGlobalSection
EndGlobal
